
Microsoft Visual Studio Solution File, Format Version 12.00
# Visual Studio 14
VisualStudioVersion = 14.0.25123.0
MinimumVisualStudioVersion = 10.0.40219.1
Project("{FAE04EC0-301F-11D3-BF4B-00C04F79EFBC}") = "WTimeLogger", "WTimeLogger\WTimeLogger.csproj", "{D6351546-BCB8-4F78-AD26-F4D3052C4F38}"
EndProject
Project("{FAE04EC0-301F-11D3-BF4B-00C04F79EFBC}") = "WTimeCommon", "WTimeCommon\WTimeCommon.csproj", "{DD63F6AA-15E6-41B9-A7C8-6E88DB4796A2}"
EndProject
Project("{FAE04EC0-301F-11D3-BF4B-00C04F79EFBC}") = "UnitTests", "UnitTests\UnitTests.csproj", "{8C0310C6-748E-4CAA-A26F-B59E94528BC7}"
EndProject
Global
	GlobalSection(SolutionConfigurationPlatforms) = preSolution
		Debug|Any CPU = Debug|Any CPU
		Debug|x86 = Debug|x86
		Release|Any CPU = Release|Any CPU
		Release|x86 = Release|x86
	EndGlobalSection
	GlobalSection(ProjectConfigurationPlatforms) = postSolution
		{D6351546-BCB8-4F78-AD26-F4D3052C4F38}.Debug|Any CPU.ActiveCfg = Debug|Any CPU
		{D6351546-BCB8-4F78-AD26-F4D3052C4F38}.Debug|Any CPU.Build.0 = Debug|Any CPU
		{D6351546-BCB8-4F78-AD26-F4D3052C4F38}.Debug|x86.ActiveCfg = Debug|Any CPU
		{D6351546-BCB8-4F78-AD26-F4D3052C4F38}.Debug|x86.Build.0 = Debug|Any CPU
		{D6351546-BCB8-4F78-AD26-F4D3052C4F38}.Release|Any CPU.ActiveCfg = Release|Any CPU
		{D6351546-BCB8-4F78-AD26-F4D3052C4F38}.Release|Any CPU.Build.0 = Release|Any CPU
		{D6351546-BCB8-4F78-AD26-F4D3052C4F38}.Release|x86.ActiveCfg = Release|Any CPU
		{D6351546-BCB8-4F78-AD26-F4D3052C4F38}.Release|x86.Build.0 = Release|Any CPU
		{DD63F6AA-15E6-41B9-A7C8-6E88DB4796A2}.Debug|Any CPU.ActiveCfg = Debug|Any CPU
		{DD63F6AA-15E6-41B9-A7C8-6E88DB4796A2}.Debug|Any CPU.Build.0 = Debug|Any CPU
		{DD63F6AA-15E6-41B9-A7C8-6E88DB4796A2}.Debug|x86.ActiveCfg = Debug|Any CPU
		{DD63F6AA-15E6-41B9-A7C8-6E88DB4796A2}.Debug|x86.Build.0 = Debug|Any CPU
		{DD63F6AA-15E6-41B9-A7C8-6E88DB4796A2}.Release|Any CPU.ActiveCfg = Release|Any CPU
		{DD63F6AA-15E6-41B9-A7C8-6E88DB4796A2}.Release|Any CPU.Build.0 = Release|Any CPU
		{DD63F6AA-15E6-41B9-A7C8-6E88DB4796A2}.Release|x86.ActiveCfg = Release|Any CPU
		{DD63F6AA-15E6-41B9-A7C8-6E88DB4796A2}.Release|x86.Build.0 = Release|Any CPU
		{8C0310C6-748E-4CAA-A26F-B59E94528BC7}.Debug|Any CPU.ActiveCfg = Debug|Any CPU
		{8C0310C6-748E-4CAA-A26F-B59E94528BC7}.Debug|Any CPU.Build.0 = Debug|Any CPU
		{8C0310C6-748E-4CAA-A26F-B59E94528BC7}.Debug|x86.ActiveCfg = Debug|Any CPU
		{8C0310C6-748E-4CAA-A26F-B59E94528BC7}.Debug|x86.Build.0 = Debug|Any CPU
		{8C0310C6-748E-4CAA-A26F-B59E94528BC7}.Release|Any CPU.ActiveCfg = Release|Any CPU
		{8C0310C6-748E-4CAA-A26F-B59E94528BC7}.Release|Any CPU.Build.0 = Release|Any CPU
		{8C0310C6-748E-4CAA-A26F-B59E94528BC7}.Release|x86.ActiveCfg = Release|Any CPU
		{8C0310C6-748E-4CAA-A26F-B59E94528BC7}.Release|x86.Build.0 = Release|Any CPU
	EndGlobalSection
	GlobalSection(SolutionProperties) = preSolution
		HideSolutionNode = FALSE
	EndGlobalSection
EndGlobal
